
Microsoft Visual Studio Solution File, Format Version 12.00
# Visual Studio 2013
Project("{FAE04EC0-301F-11D3-BF4B-00C04F79EFBC}") = "UnityVS.ArmyPilot.CSharp", "UnityVS.ArmyPilot.CSharp.csproj", "{DAA4567B-C052-9A1B-94A4-DF09E1A295BA}"
EndProject
Global
	GlobalSection(SolutionConfigurationPlatforms) = preSolution
		Debug|Any CPU = Debug|Any CPU
		Release|Any CPU = Release|Any CPU
	EndGlobalSection
	GlobalSection(ProjectConfigurationPlatforms) = postSolution
		{DAA4567B-C052-9A1B-94A4-DF09E1A295BA}.Debug|Any CPU.ActiveCfg = Debug|Any CPU
		{DAA4567B-C052-9A1B-94A4-DF09E1A295BA}.Debug|Any CPU.Build.0 = Debug|Any CPU
		{DAA4567B-C052-9A1B-94A4-DF09E1A295BA}.Release|Any CPU.ActiveCfg = Release|Any CPU
		{DAA4567B-C052-9A1B-94A4-DF09E1A295BA}.Release|Any CPU.Build.0 = Release|Any CPU
	EndGlobalSection
	GlobalSection(SolutionProperties) = preSolution
		HideSolutionNode = FALSE
	EndGlobalSection
EndGlobal
